
Microsoft Visual Studio Solution File, Format Version 12.00
# Visual Studio 15
VisualStudioVersion = 15.0.27130.2027
MinimumVisualStudioVersion = 10.0.40219.1
Project("{888888A0-9F3D-457C-B088-3A5042F75D52}") = "LABA", "LABA\LABA.pyproj", "{4362C331-1619-4BBE-831F-0F0CA8F1ACA1}"
EndProject
Project("{888888A0-9F3D-457C-B088-3A5042F75D52}") = "LABA_1", "LABA_1\LABA_1.pyproj", "{E1974BCA-DA69-432B-AB47-E1245C796F4C}"
EndProject
Project("{888888A0-9F3D-457C-B088-3A5042F75D52}") = "LABA_2", "LABA_2\LABA_2.pyproj", "{5820B0C2-3A70-48F0-89F6-AF3681AB5065}"
EndProject
Project("{888888A0-9F3D-457C-B088-3A5042F75D52}") = "LABA_3", "LABA_3\LABA_3.pyproj", "{3F97AA07-60DF-448A-9923-F404EC13C08E}"
EndProject
Project("{888888A0-9F3D-457C-B088-3A5042F75D52}") = "LABA_4", "LABA_4\LABA_4.pyproj", "{4E638B6D-0FCE-4F92-9C86-B31CE257E10F}"
EndProject
Project("{888888A0-9F3D-457C-B088-3A5042F75D52}") = "LABA_5", "LABA_5\LABA_5.pyproj", "{E0D7CADD-2871-4B43-8064-41572088AD76}"
EndProject
Project("{888888A0-9F3D-457C-B088-3A5042F75D52}") = "LABA_6", "LABA_6\LABA_6.pyproj", "{3AC323F0-8DB5-4C12-9CC7-7BC5E6E21A50}"
EndProject
Project("{888888A0-9F3D-457C-B088-3A5042F75D52}") = "LAB_1", "LAB_1\LAB_1.pyproj", "{D4DAD572-BA91-4229-9135-8383E2867A1F}"
EndProject
Project("{888888A0-9F3D-457C-B088-3A5042F75D52}") = "LAB_2", "LAB_2\LAB_2.pyproj", "{CEF21603-AF4F-41C6-B0E7-1D94991A6300}"
EndProject
Project("{888888A0-9F3D-457C-B088-3A5042F75D52}") = "LAB_2_2", "LAB_2_2\LAB_2_2.pyproj", "{629F93CD-5398-4353-B073-71BDEFAD1912}"
EndProject
Project("{888888A0-9F3D-457C-B088-3A5042F75D52}") = "LAB_3", "LAB_3\LAB_3.pyproj", "{5B1C7F78-88F2-44B3-BC89-04A4D654890C}"
EndProject
Project("{888888A0-9F3D-457C-B088-3A5042F75D52}") = "LAB_4", "LAB_4\LAB_4.pyproj", "{10540C7C-CFFB-48AD-BF5C-6E499F6BDE98}"
EndProject
Project("{888888A0-9F3D-457C-B088-3A5042F75D52}") = "LAB_5", "LAB_5\LAB_5.pyproj", "{E7B4B437-3D7A-4911-958A-AAFD1F0275C0}"
EndProject
Project("{888888A0-9F3D-457C-B088-3A5042F75D52}") = "LAB_6", "LAB_6\LAB_6.pyproj", "{57E2F590-2A78-4B50-AC10-4C3F57046CC7}"
EndProject
Project("{888888A0-9F3D-457C-B088-3A5042F75D52}") = "LAB_7", "LAB_7\LAB_7.pyproj", "{734650FA-7C51-43A9-AF68-76F9F5B70EF4}"
EndProject
Project("{888888A0-9F3D-457C-B088-3A5042F75D52}") = "LABA_7", "LABA_7\LABA_7.pyproj", "{5A0BDDD9-1B4F-4DCE-A491-E340A85FD44C}"
EndProject
Project("{888888A0-9F3D-457C-B088-3A5042F75D52}") = "LABA_8", "LABA_8\LABA_8.pyproj", "{09C18382-B57E-451A-BA48-6AB927C3B3E1}"
EndProject
Project("{888888A0-9F3D-457C-B088-3A5042F75D52}") = "LABA_9", "LABA_9\LABA_9.pyproj", "{04401713-509D-4EFA-8141-21292F20524C}"
EndProject
Project("{888888A0-9F3D-457C-B088-3A5042F75D52}") = "LABA_10", "LABA_10\LABA_10.pyproj", "{81F385DD-EEE0-40EA-865B-E96B5E70205F}"
EndProject
Project("{888888A0-9F3D-457C-B088-3A5042F75D52}") = "LABA_11", "LABA_11\LABA_11.pyproj", "{94253E3D-1848-4D03-AD27-660F8519419E}"
EndProject
Project("{888888A0-9F3D-457C-B088-3A5042F75D52}") = "LABA_9(1)", "LABA_9(1)\LABA_9(1).pyproj", "{DDD5B02E-4C6A-48CC-B9C2-B390D355C146}"
EndProject
Project("{888888A0-9F3D-457C-B088-3A5042F75D52}") = "LABA_9(2)", "LABA_9(2)\LABA_9(2).pyproj", "{3B8BDC48-9440-4415-8EA2-CC409A756944}"
EndProject
Global
	GlobalSection(SolutionConfigurationPlatforms) = preSolution
		Debug|Any CPU = Debug|Any CPU
		Release|Any CPU = Release|Any CPU
	EndGlobalSection
	GlobalSection(ProjectConfigurationPlatforms) = postSolution
		{4362C331-1619-4BBE-831F-0F0CA8F1ACA1}.Debug|Any CPU.ActiveCfg = Debug|Any CPU
		{4362C331-1619-4BBE-831F-0F0CA8F1ACA1}.Release|Any CPU.ActiveCfg = Release|Any CPU
		{E1974BCA-DA69-432B-AB47-E1245C796F4C}.Debug|Any CPU.ActiveCfg = Debug|Any CPU
		{E1974BCA-DA69-432B-AB47-E1245C796F4C}.Release|Any CPU.ActiveCfg = Release|Any CPU
		{5820B0C2-3A70-48F0-89F6-AF3681AB5065}.Debug|Any CPU.ActiveCfg = Debug|Any CPU
		{5820B0C2-3A70-48F0-89F6-AF3681AB5065}.Release|Any CPU.ActiveCfg = Release|Any CPU
		{3F97AA07-60DF-448A-9923-F404EC13C08E}.Debug|Any CPU.ActiveCfg = Debug|Any CPU
		{3F97AA07-60DF-448A-9923-F404EC13C08E}.Release|Any CPU.ActiveCfg = Release|Any CPU
		{4E638B6D-0FCE-4F92-9C86-B31CE257E10F}.Debug|Any CPU.ActiveCfg = Debug|Any CPU
		{4E638B6D-0FCE-4F92-9C86-B31CE257E10F}.Release|Any CPU.ActiveCfg = Release|Any CPU
		{E0D7CADD-2871-4B43-8064-41572088AD76}.Debug|Any CPU.ActiveCfg = Debug|Any CPU
		{E0D7CADD-2871-4B43-8064-41572088AD76}.Release|Any CPU.ActiveCfg = Release|Any CPU
		{3AC323F0-8DB5-4C12-9CC7-7BC5E6E21A50}.Debug|Any CPU.ActiveCfg = Debug|Any CPU
		{3AC323F0-8DB5-4C12-9CC7-7BC5E6E21A50}.Release|Any CPU.ActiveCfg = Release|Any CPU
		{D4DAD572-BA91-4229-9135-8383E2867A1F}.Debug|Any CPU.ActiveCfg = Debug|Any CPU
		{D4DAD572-BA91-4229-9135-8383E2867A1F}.Release|Any CPU.ActiveCfg = Release|Any CPU
		{CEF21603-AF4F-41C6-B0E7-1D94991A6300}.Debug|Any CPU.ActiveCfg = Debug|Any CPU
		{CEF21603-AF4F-41C6-B0E7-1D94991A6300}.Release|Any CPU.ActiveCfg = Release|Any CPU
		{629F93CD-5398-4353-B073-71BDEFAD1912}.Debug|Any CPU.ActiveCfg = Debug|Any CPU
		{629F93CD-5398-4353-B073-71BDEFAD1912}.Release|Any CPU.ActiveCfg = Release|Any CPU
		{5B1C7F78-88F2-44B3-BC89-04A4D654890C}.Debug|Any CPU.ActiveCfg = Debug|Any CPU
		{5B1C7F78-88F2-44B3-BC89-04A4D654890C}.Release|Any CPU.ActiveCfg = Release|Any CPU
		{10540C7C-CFFB-48AD-BF5C-6E499F6BDE98}.Debug|Any CPU.ActiveCfg = Debug|Any CPU
		{10540C7C-CFFB-48AD-BF5C-6E499F6BDE98}.Release|Any CPU.ActiveCfg = Release|Any CPU
		{E7B4B437-3D7A-4911-958A-AAFD1F0275C0}.Debug|Any CPU.ActiveCfg = Debug|Any CPU
		{E7B4B437-3D7A-4911-958A-AAFD1F0275C0}.Release|Any CPU.ActiveCfg = Release|Any CPU
		{57E2F590-2A78-4B50-AC10-4C3F57046CC7}.Debug|Any CPU.ActiveCfg = Debug|Any CPU
		{57E2F590-2A78-4B50-AC10-4C3F57046CC7}.Release|Any CPU.ActiveCfg = Release|Any CPU
		{734650FA-7C51-43A9-AF68-76F9F5B70EF4}.Debug|Any CPU.ActiveCfg = Debug|Any CPU
		{734650FA-7C51-43A9-AF68-76F9F5B70EF4}.Release|Any CPU.ActiveCfg = Release|Any CPU
		{5A0BDDD9-1B4F-4DCE-A491-E340A85FD44C}.Debug|Any CPU.ActiveCfg = Debug|Any CPU
		{5A0BDDD9-1B4F-4DCE-A491-E340A85FD44C}.Release|Any CPU.ActiveCfg = Release|Any CPU
		{09C18382-B57E-451A-BA48-6AB927C3B3E1}.Debug|Any CPU.ActiveCfg = Debug|Any CPU
		{09C18382-B57E-451A-BA48-6AB927C3B3E1}.Release|Any CPU.ActiveCfg = Release|Any CPU
		{04401713-509D-4EFA-8141-21292F20524C}.Debug|Any CPU.ActiveCfg = Debug|Any CPU
		{04401713-509D-4EFA-8141-21292F20524C}.Release|Any CPU.ActiveCfg = Release|Any CPU
		{81F385DD-EEE0-40EA-865B-E96B5E70205F}.Debug|Any CPU.ActiveCfg = Debug|Any CPU
		{81F385DD-EEE0-40EA-865B-E96B5E70205F}.Release|Any CPU.ActiveCfg = Release|Any CPU
		{94253E3D-1848-4D03-AD27-660F8519419E}.Debug|Any CPU.ActiveCfg = Debug|Any CPU
		{94253E3D-1848-4D03-AD27-660F8519419E}.Release|Any CPU.ActiveCfg = Release|Any CPU
		{DDD5B02E-4C6A-48CC-B9C2-B390D355C146}.Debug|Any CPU.ActiveCfg = Debug|Any CPU
		{DDD5B02E-4C6A-48CC-B9C2-B390D355C146}.Release|Any CPU.ActiveCfg = Release|Any CPU
		{3B8BDC48-9440-4415-8EA2-CC409A756944}.Debug|Any CPU.ActiveCfg = Debug|Any CPU
		{3B8BDC48-9440-4415-8EA2-CC409A756944}.Release|Any CPU.ActiveCfg = Release|Any CPU
	EndGlobalSection
	GlobalSection(SolutionProperties) = preSolution
		HideSolutionNode = FALSE
	EndGlobalSection
	GlobalSection(ExtensibilityGlobals) = postSolution
		SolutionGuid = {A2056F34-2114-4334-A34F-A68BCCF97C15}
	EndGlobalSection
EndGlobal
